
Microsoft Visual Studio Solution File, Format Version 12.00
# Visual Studio Version 16
VisualStudioVersion = 16.0.31515.178
MinimumVisualStudioVersion = 10.0.40219.1
Project("{FAE04EC0-301F-11D3-BF4B-00C04F79EFBC}") = "StrategyPattern", "StrategyPattern.csproj", "{B1CA594F-380F-4B3E-A1AC-DB9E0E2B8029}"
EndProject
Global
	GlobalSection(SolutionConfigurationPlatforms) = preSolution
		Debug|Any CPU = Debug|Any CPU
		Release|Any CPU = Release|Any CPU
	EndGlobalSection
	GlobalSection(ProjectConfigurationPlatforms) = postSolution
		{B1CA594F-380F-4B3E-A1AC-DB9E0E2B8029}.Debug|Any CPU.ActiveCfg = Debug|Any CPU
		{B1CA594F-380F-4B3E-A1AC-DB9E0E2B8029}.Debug|Any CPU.Build.0 = Debug|Any CPU
		{B1CA594F-380F-4B3E-A1AC-DB9E0E2B8029}.Release|Any CPU.ActiveCfg = Release|Any CPU
		{B1CA594F-380F-4B3E-A1AC-DB9E0E2B8029}.Release|Any CPU.Build.0 = Release|Any CPU
	EndGlobalSection
	GlobalSection(SolutionProperties) = preSolution
		HideSolutionNode = FALSE
	EndGlobalSection
	GlobalSection(ExtensibilityGlobals) = postSolution
		SolutionGuid = {47A58D37-3FD8-4FE6-AE48-5753500DA723}
	EndGlobalSection
EndGlobal
